dependencies:
- name: appSpec
  repository: file://../../../../charts/incloud-main/appspec-0.1.1/appspec
  version: 0.1.1
- name: helm-inserter
  repository: file://../../../../charts/incloud-main/helm-inserter-0.2.5/helm-inserter
  version: 0.2.5
digest: sha256:0db49a51bf6b6919105ab319aa54132aed67e3180dce70a58ce745071f093fa3
generated: "2025-06-13T21:08:00.049419+05:00"
